{
  "name": "SportAnalytics",
  "lockfileVersion": 3,
  "requires": true,
  "packages": {
    "": {
      "dependencies": {
        "@fontsource/source-sans-pro": "^5.2.5"
      }
    },
    "node_modules/@fontsource/source-sans-pro": {
      "version": "5.2.5",
      "resolved": "https://registry.npmjs.org/@fontsource/source-sans-pro/-/source-sans-pro-5.2.5.tgz",
      "integrity": "sha512-ypendqc4pYUc+EgF7qqPY9iVYEz1t/Qr03VojKxG/2g3dnpHa1B6DOlDxWQjQXDj5QrG6inEqGT0g+edjALZyg==",
      "license": "OFL-1.1"
    }
  }
}
